
Microsoft Visual Studio Solution File, Format Version 12.00
# Visual Studio Version 16
VisualStudioVersion = 16.0.31613.86
MinimumVisualStudioVersion = 10.0.40219.1
Project("{FAE04EC0-301F-11D3-BF4B-00C04F79EFBC}") = "XFMessagingCenter.Android", "XFMessagingCenter.Android\XFMessagingCenter.Android.csproj", "{272CDFB5-A421-4841-BDF0-DAFC511DBDB2}"
EndProject
Project("{FAE04EC0-301F-11D3-BF4B-00C04F79EFBC}") = "XFMessagingCenter", "XFMessagingCenter\XFMessagingCenter.csproj", "{0048A3EF-0DE1-4663-A8B5-AEB5C2E0F7FE}"
EndProject
Global
	GlobalSection(SolutionConfigurationPlatforms) = preSolution
		Debug|Any CPU = Debug|Any CPU
		Release|Any CPU = Release|Any CPU
	EndGlobalSection
	GlobalSection(ProjectConfigurationPlatforms) = postSolution
		{272CDFB5-A421-4841-BDF0-DAFC511DBDB2}.Debug|Any CPU.ActiveCfg = Debug|Any CPU
		{272CDFB5-A421-4841-BDF0-DAFC511DBDB2}.Debug|Any CPU.Build.0 = Debug|Any CPU
		{272CDFB5-A421-4841-BDF0-DAFC511DBDB2}.Debug|Any CPU.Deploy.0 = Debug|Any CPU
		{272CDFB5-A421-4841-BDF0-DAFC511DBDB2}.Release|Any CPU.ActiveCfg = Release|Any CPU
		{272CDFB5-A421-4841-BDF0-DAFC511DBDB2}.Release|Any CPU.Build.0 = Release|Any CPU
		{272CDFB5-A421-4841-BDF0-DAFC511DBDB2}.Release|Any CPU.Deploy.0 = Release|Any CPU
		{0048A3EF-0DE1-4663-A8B5-AEB5C2E0F7FE}.Debug|Any CPU.ActiveCfg = Debug|Any CPU
		{0048A3EF-0DE1-4663-A8B5-AEB5C2E0F7FE}.Debug|Any CPU.Build.0 = Debug|Any CPU
		{0048A3EF-0DE1-4663-A8B5-AEB5C2E0F7FE}.Debug|Any CPU.Deploy.0 = Debug|Any CPU
		{0048A3EF-0DE1-4663-A8B5-AEB5C2E0F7FE}.Release|Any CPU.ActiveCfg = Release|Any CPU
		{0048A3EF-0DE1-4663-A8B5-AEB5C2E0F7FE}.Release|Any CPU.Build.0 = Release|Any CPU
		{0048A3EF-0DE1-4663-A8B5-AEB5C2E0F7FE}.Release|Any CPU.Deploy.0 = Release|Any CPU
	EndGlobalSection
	GlobalSection(SolutionProperties) = preSolution
		HideSolutionNode = FALSE
	EndGlobalSection
	GlobalSection(ExtensibilityGlobals) = postSolution
		SolutionGuid = {900C249E-2B2A-4B2B-8E5D-BC50970C822A}
	EndGlobalSection
EndGlobal
